
Microsoft Visual Studio Solution File, Format Version 12.00
# Visual Studio Version 17
VisualStudioVersion = 17.11.35303.130
MinimumVisualStudioVersion = 10.0.40219.1
Project("{9A19103F-16F7-4668-BE54-9A1E7A4F7556}") = "ECommerceProject", "ECommerceProject.csproj", "{B9365EF1-5306-49E4-8391-C4BA7B7BEAF9}"
EndProject
Project("{FAE04EC0-301F-11D3-BF4B-00C04F79EFBC}") = "ECommerceMVC", "..\ECommerceMVC\ECommerceMVC.csproj", "{C1C54CB5-94B0-421F-AFA0-630C56171874}"
EndProject
Global
	GlobalSection(SolutionConfigurationPlatforms) = preSolution
		Debug|Any CPU = Debug|Any CPU
		Release|Any CPU = Release|Any CPU
	EndGlobalSection
	GlobalSection(ProjectConfigurationPlatforms) = postSolution
		{B9365EF1-5306-49E4-8391-C4BA7B7BEAF9}.Debug|Any CPU.ActiveCfg = Debug|Any CPU
		{B9365EF1-5306-49E4-8391-C4BA7B7BEAF9}.Debug|Any CPU.Build.0 = Debug|Any CPU
		{B9365EF1-5306-49E4-8391-C4BA7B7BEAF9}.Release|Any CPU.ActiveCfg = Release|Any CPU
		{B9365EF1-5306-49E4-8391-C4BA7B7BEAF9}.Release|Any CPU.Build.0 = Release|Any CPU
		{C1C54CB5-94B0-421F-AFA0-630C56171874}.Debug|Any CPU.ActiveCfg = Debug|Any CPU
		{C1C54CB5-94B0-421F-AFA0-630C56171874}.Debug|Any CPU.Build.0 = Debug|Any CPU
		{C1C54CB5-94B0-421F-AFA0-630C56171874}.Release|Any CPU.ActiveCfg = Release|Any CPU
		{C1C54CB5-94B0-421F-AFA0-630C56171874}.Release|Any CPU.Build.0 = Release|Any CPU
	EndGlobalSection
	GlobalSection(SolutionProperties) = preSolution
		HideSolutionNode = FALSE
	EndGlobalSection
	GlobalSection(ExtensibilityGlobals) = postSolution
		SolutionGuid = {4602A627-4716-4010-A6E7-54D600752284}
	EndGlobalSection
EndGlobal
